// !$*UTF8*$!
{
	archiveVersion = 1;
	classes = {
	};
	objectVersion = 46;
	objects = {

/* Begin PBXBuildFile section */
		4D84B1001EB4F63500BB953B /* AppDelegate.swift in Sources */ = {isa = PBXBuildFile; fileRef = 4D84B0FF1EB4F63500BB953B /* AppDelegate.swift */; };
		4D84B1021EB4F63500BB953B /* MasterViewController.swift in Sources */ = {isa = PBXBuildFile; fileRef = 4D84B1011EB4F63500BB953B /* MasterViewController.swift */; };
		4D84B1041EB4F63500BB953B /* DetailViewController.swift in Sources */ = {isa = PBXBuildFile; fileRef = 4D84B1031EB4F63500BB953B /* DetailViewController.swift */; };
		4D84B1071EB4F63500BB953B /* Main.storyboard in Resources */ = {isa = PBXBuildFile; fileRef = 4D84B1051EB4F63500BB953B /* Main.storyboard */; };
		4D84B1091EB4F63500BB953B /* Assets.xcassets in Resources */ = {isa = PBXBuildFile; fileRef = 4D84B1081EB4F63500BB953B /* Assets.xcassets */; };
		4D84B10C1EB4F63500BB953B /* LaunchScreen.storyboard in Resources */ = {isa = PBXBuildFile; fileRef = 4D84B10A1EB4F63500BB953B /* LaunchScreen.storyboard */; };
		4D84B1171EB4F63600BB953B /* WindowSeatTests.swift in Sources */ = {isa = PBXBuildFile; fileRef = 4D84B1161EB4F63600BB953B /* WindowSeatTests.swift */; };
		4D84B1221EB4F63600BB953B /* WindowSeatUITests.swift in Sources */ = {isa = PBXBuildFile; fileRef = 4D84B1211EB4F63600BB953B /* WindowSeatUITests.swift */; };
/* End PBXBuildFile section */

/* Begin PBXContainerItemProxy section */
		4D84B1131EB4F63600BB953B /* PBXContainerItemProxy */ = {
			isa = PBXContainerItemProxy;
			containerPortal = 4D84B0F41EB4F63500BB953B /* Project object */;
			proxyType = 1;
			remoteGlobalIDString = 4D84B0FB1EB4F63500BB953B;
			remoteInfo = WindowSeat;
		};
		4D84B11E1EB4F63600BB953B /* PBXContainerItemProxy */ = {
			isa = PBXContainerItemProxy;
			containerPortal = 4D84B0F41EB4F63500BB953B /* Project object */;
			proxyType = 1;
			remoteGlobalIDString = 4D84B0FB1EB4F63500BB953B;
			remoteInfo = WindowSeat;
		};
/* End PBXContainerItemProxy section */

/* Begin PBXFileReference section */
		4D84B0FC1EB4F63500BB953B /* WindowSeat.app */ = {isa = PBXFileReference; explicitFileType = wrapper.application; includeInIndex = 0; path = WindowSeat.app; sourceTree = BUILT_PRODUCTS_DIR; };
		4D84B0FF1EB4F63500BB953B /* AppDelegate.swift */ = {isa = PBXFileReference; lastKnownFileType = sourcecode.swift; path = AppDelegate.swift; sourceTree = "<group>"; };
		4D84B1011EB4F63500BB953B /* MasterViewController.swift */ = {isa = PBXFileReference; lastKnownFileType = sourcecode.swift; path = MasterViewController.swift; sourceTree = "<group>"; };
		4D84B1031EB4F63500BB953B /* DetailViewController.swift */ = {isa = PBXFileReference; lastKnownFileType = sourcecode.swift; path = DetailViewController.swift; sourceTree = "<group>"; };
		4D84B1061EB4F63500BB953B /* Base */ = {isa = PBXFileReference; lastKnownFileType = file.storyboard; name = Base; path = Base.lproj/Main.storyboard; sourceTree = "<group>"; };
		4D84B1081EB4F63500BB953B /* Assets.xcassets */ = {isa = PBXFileReference; lastKnownFileType = folder.assetcatalog; path = Assets.xcassets; sourceTree = "<group>"; };
		4D84B10B1EB4F63500BB953B /* Base */ = {isa = PBXFileReference; lastKnownFileType = file.storyboard; name = Base; path = Base.lproj/LaunchScreen.storyboard; sourceTree = "<group>"; };
		4D84B10D1EB4F63500BB953B /* Info.plist */ = {isa = PBXFileReference; lastKnownFileType = text.plist.xml; path = Info.plist; sourceTree = "<group>"; };
		4D84B1121EB4F63600BB953B /* WindowSeatTests.xctest */ = {isa = PBXFileReference; explicitFileType = wrapper.cfbundle; includeInIndex = 0; path = WindowSeatTests.xctest; sourceTree = BUILT_PRODUCTS_DIR; };
		4D84B1161EB4F63600BB953B /* WindowSeatTests.swift */ = {isa = PBXFileReference; lastKnownFileType = sourcecode.swift; path = WindowSeatTests.swift; sourceTree = "<group>"; };
		4D84B1181EB4F63600BB953B /* Info.plist */ = {isa = PBXFileReference; lastKnownFileType = text.plist.xml; path = Info.plist; sourceTree = "<group>"; };
		4D84B11D1EB4F63600BB953B /* WindowSeatUITests.xctest */ = {isa = PBXFileReference; explicitFileType = wrapper.cfbundle; includeInIndex = 0; path = WindowSeatUITests.xctest; sourceTree = BUILT_PRODUCTS_DIR; };
		4D84B1211EB4F63600BB953B /* WindowSeatUITests.swift */ = {isa = PBXFileReference; lastKnownFileType = sourcecode.swift; path = WindowSeatUITests.swift; sourceTree = "<group>"; };
		4D84B1231EB4F63600BB953B /* Info.plist */ = {isa = PBXFileReference; lastKnownFileType = text.plist.xml; path = Info.plist; sourceTree = "<group>"; };
/* End PBXFileReference section */

/* Begin PBXFrameworksBuildPhase section */
		4D84B0F91EB4F63500BB953B /* Frameworks */ = {
			isa = PBXFrameworksBuildPhase;
			buildActionMask = 2147483647;
			files = (
			);
			runOnlyForDeploymentPostprocessing = 0;
		};
		4D84B10F1EB4F63600BB953B /* Frameworks */ = {
			isa = PBXFrameworksBuildPhase;
			buildActionMask = 2147483647;
			files = (
			);
			runOnlyForDeploymentPostprocessing = 0;
		};
		4D84B11A1EB4F63600BB953B /* Frameworks */ = {
			isa = PBXFrameworksBuildPhase;
			buildActionMask = 2147483647;
			files = (
			);
			runOnlyForDeploymentPostprocessing = 0;
		};
/* End PBXFrameworksBuildPhase section */

/* Begin PBXGroup section */
		4D84B0F31EB4F63500BB953B = {
			isa = PBXGroup;
			children = (
				4D84B0FE1EB4F63500BB953B /* WindowSeat */,
				4D84B1151EB4F63600BB953B /* WindowSeatTests */,
				4D84B1201EB4F63600BB953B /* WindowSeatUITests */,
				4D84B0FD1EB4F63500BB953B /* Products */,
			);
			sourceTree = "<group>";
		};
		4D84B0FD1EB4F63500BB953B /* Products */ = {
			isa = PBXGroup;
			children = (
				4D84B0FC1EB4F63500BB953B /* WindowSeat.app */,
				4D84B1121EB4F63600BB953B /* WindowSeatTests.xctest */,
				4D84B11D1EB4F63600BB953B /* WindowSeatUITests.xctest */,
			);
			name = Products;
			sourceTree = "<group>";
		};
		4D84B0FE1EB4F63500BB953B /* WindowSeat */ = {
			isa = PBXGroup;
			children = (
				4D84B0FF1EB4F63500BB953B /* AppDelegate.swift */,
				4D84B1011EB4F63500BB953B /* MasterViewController.swift */,
				4D84B1031EB4F63500BB953B /* DetailViewController.swift */,
				4D84B1051EB4F63500BB953B /* Main.storyboard */,
				4D84B1081EB4F63500BB953B /* Assets.xcassets */,
				4D84B10A1EB4F63500BB953B /* LaunchScreen.storyboard */,
				4D84B10D1EB4F63500BB953B /* Info.plist */,
			);
			path = WindowSeat;
			sourceTree = "<group>";
		};
		4D84B1151EB4F63600BB953B /* WindowSeatTests */ = {
			isa = PBXGroup;
			children = (
				4D84B1161EB4F63600BB953B /* WindowSeatTests.swift */,
				4D84B1181EB4F63600BB953B /* Info.plist */,
			);
			path = WindowSeatTests;
			sourceTree = "<group>";
		};
		4D84B1201EB4F63600BB953B /* WindowSeatUITests */ = {
			isa = PBXGroup;
			children = (
				4D84B1211EB4F63600BB953B /* WindowSeatUITests.swift */,
				4D84B1231EB4F63600BB953B /* Info.plist */,
			);
			path = WindowSeatUITests;
			sourceTree = "<group>";
		};
/* End PBXGroup section */

/* Begin PBXNativeTarget section */
		4D84B0FB1EB4F63500BB953B /* WindowSeat */ = {
			isa = PBXNativeTarget;
			buildConfigurationList = 4D84B1261EB4F63600BB953B /* Build configuration list for PBXNativeTarget "WindowSeat" */;
			buildPhases = (
				4D84B0F81EB4F63500BB953B /* Sources */,
				4D84B0F91EB4F63500BB953B /* Frameworks */,
				4D84B0FA1EB4F63500BB953B /* Resources */,
			);
			buildRules = (
			);
			dependencies = (
			);
			name = WindowSeat;
			productName = WindowSeat;
			productReference = 4D84B0FC1EB4F63500BB953B /* WindowSeat.app */;
			productType = "com.apple.product-type.application";
		};
		4D84B1111EB4F63600BB953B /* WindowSeatTests */ = {
			isa = PBXNativeTarget;
			buildConfigurationList = 4D84B1291EB4F63600BB953B /* Build configuration list for PBXNativeTarget "WindowSeatTests" */;
			buildPhases = (
				4D84B10E1EB4F63600BB953B /* Sources */,
				4D84B10F1EB4F63600BB953B /* Frameworks */,
				4D84B1101EB4F63600BB953B /* Resources */,
			);
			buildRules = (
			);
			dependencies = (
				4D84B1141EB4F63600BB953B /* PBXTargetDependency */,
			);
			name = WindowSeatTests;
			productName = WindowSeatTests;
			productReference = 4D84B1121EB4F63600BB953B /* WindowSeatTests.xctest */;
			productType = "com.apple.product-type.bundle.unit-test";
		};
		4D84B11C1EB4F63600BB953B /* WindowSeatUITests */ = {
			isa = PBXNativeTarget;
			buildConfigurationList = 4D84B12C1EB4F63600BB953B /* Build configuration list for PBXNativeTarget "WindowSeatUITests" */;
			buildPhases = (
				4D84B1191EB4F63600BB953B /* Sources */,
				4D84B11A1EB4F63600BB953B /* Frameworks */,
				4D84B11B1EB4F63600BB953B /* Resources */,
			);
			buildRules = (
			);
			dependencies = (
				4D84B11F1EB4F63600BB953B /* PBXTargetDependency */,
			);
			name = WindowSeatUITests;
			productName = WindowSeatUITests;
			productReference = 4D84B11D1EB4F63600BB953B /* WindowSeatUITests.xctest */;
			productType = "com.apple.product-type.bundle.ui-testing";
		};
/* End PBXNativeTarget section */

/* Begin PBXProject section */
		4D84B0F41EB4F63500BB953B /* Project object */ = {
			isa = PBXProject;
			attributes = {
				LastSwiftUpdateCheck = 0820;
				LastUpgradeCheck = 0820;
				ORGANIZATIONNAME = "Mark Langer";
				TargetAttributes = {
					4D84B0FB1EB4F63500BB953B = {
						CreatedOnToolsVersion = 8.2.1;
						ProvisioningStyle = Automatic;
					};
					4D84B1111EB4F63600BB953B = {
						CreatedOnToolsVersion = 8.2.1;
						ProvisioningStyle = Automatic;
						TestTargetID = 4D84B0FB1EB4F63500BB953B;
					};
					4D84B11C1EB4F63600BB953B = {
						CreatedOnToolsVersion = 8.2.1;
						ProvisioningStyle = Automatic;
						TestTargetID = 4D84B0FB1EB4F63500BB953B;
					};
				};
			};
			buildConfigurationList = 4D84B0F71EB4F63500BB953B /* Build configuration list for PBXProject "WindowSeat" */;
			compatibilityVersion = "Xcode 3.2";
			developmentRegion = English;
			hasScannedForEncodings = 0;
			knownRegions = (
				en,
				Base,
			);
			mainGroup = 4D84B0F31EB4F63500BB953B;
			productRefGroup = 4D84B0FD1EB4F63500BB953B /* Products */;
			projectDirPath = "";
			projectRoot = "";
			targets = (
				4D84B0FB1EB4F63500BB953B /* WindowSeat */,
				4D84B1111EB4F63600BB953B /* WindowSeatTests */,
				4D84B11C1EB4F63600BB953B /* WindowSeatUITests */,
			);
		};
/* End PBXProject section */

/* Begin PBXResourcesBuildPhase section */
		4D84B0FA1EB4F63500BB953B /* Resources */ = {
			isa = PBXResourcesBuildPhase;
			buildActionMask = 2147483647;
			files = (
				4D84B10C1EB4F63500BB953B /* LaunchScreen.storyboard in Resources */,
				4D84B1091EB4F63500BB953B /* Assets.xcassets in Resources */,
				4D84B1071EB4F63500BB953B /* Main.storyboard in Resources */,
			);
			runOnlyForDeploymentPostprocessing = 0;
		};
		4D84B1101EB4F63600BB953B /* Resources */ = {
			isa = PBXResourcesBuildPhase;
			buildActionMask = 2147483647;
			files = (
			);
			runOnlyForDeploymentPostprocessing = 0;
		};
		4D84B11B1EB4F63600BB953B /* Resources */ = {
			isa = PBXResourcesBuildPhase;
			buildActionMask = 2147483647;
			files = (
			);
			runOnlyForDeploymentPostprocessing = 0;
		};
/* End PBXResourcesBuildPhase section */

/* Begin PBXSourcesBuildPhase section */
		4D84B0F81EB4F63500BB953B /* Sources */ = {
			isa = PBXSourcesBuildPhase;
			buildActionMask = 2147483647;
			files = (
				4D84B1041EB4F63500BB953B /* DetailViewController.swift in Sources */,
				4D84B1021EB4F63500BB953B /* MasterViewController.swift in Sources */,
				4D84B1001EB4F63500BB953B /* AppDelegate.swift in Sources */,
			);
			runOnlyForDeploymentPostprocessing = 0;
		};
		4D84B10E1EB4F63600BB953B /* Sources */ = {
			isa = PBXSourcesBuildPhase;
			buildActionMask = 2147483647;
			files = (
				4D84B1171EB4F63600BB953B /* WindowSeatTests.swift in Sources */,
			);
			runOnlyForDeploymentPostprocessing = 0;
		};
		4D84B1191EB4F63600BB953B /* Sources */ = {
			isa = PBXSourcesBuildPhase;
			buildActionMask = 2147483647;
			files = (
				4D84B1221EB4F63600BB953B /* WindowSeatUITests.swift in Sources */,
			);
			runOnlyForDeploymentPostprocessing = 0;
		};
/* End PBXSourcesBuildPhase section */

/* Begin PBXTargetDependency section */
		4D84B1141EB4F63600BB953B /* PBXTargetDependency */ = {
			isa = PBXTargetDependency;
			target = 4D84B0FB1EB4F63500BB953B /* WindowSeat */;
			targetProxy = 4D84B1131EB4F63600BB953B /* PBXContainerItemProxy */;
		};
		4D84B11F1EB4F63600BB953B /* PBXTargetDependency */ = {
			isa = PBXTargetDependency;
			target = 4D84B0FB1EB4F63500BB953B /* WindowSeat */;
			targetProxy = 4D84B11E1EB4F63600BB953B /* PBXContainerItemProxy */;
		};
/* End PBXTargetDependency section */

/* Begin PBXVariantGroup section */
		4D84B1051EB4F63500BB953B /* Main.storyboard */ = {
			isa = PBXVariantGroup;
			children = (
				4D84B1061EB4F63500BB953B /* Base */,
			);
			name = Main.storyboard;
			sourceTree = "<group>";
		};
		4D84B10A1EB4F63500BB953B /* LaunchScreen.storyboard */ = {
			isa = PBXVariantGroup;
			children = (
				4D84B10B1EB4F63500BB953B /* Base */,
			);
			name = LaunchScreen.storyboard;
			sourceTree = "<group>";
		};
/* End PBXVariantGroup section */

/* Begin XCBuildConfiguration section */
		4D84B1241EB4F63600BB953B /* Debug */ = {
			isa = XCBuildConfiguration;
			buildSettings = {
				ALWAYS_SEARCH_USER_PATHS = NO;
				CLANG_ANALYZER_NONNULL = YES;
				CLANG_CXX_LANGUAGE_STANDARD = "gnu++0x";
				CLANG_CXX_LIBRARY = "libc++";
				CLANG_ENABLE_MODULES = YES;
				CLANG_ENABLE_OBJC_ARC = YES;
				CLANG_WARN_BOOL_CONVERSION = YES;
				CLANG_WARN_CONSTANT_CONVERSION = YES;
				CLANG_WARN_DIRECT_OBJC_ISA_USAGE = YES_ERROR;
				CLANG_WARN_DOCUMENTATION_COMMENTS = YES;
				CLANG_WARN_EMPTY_BODY = YES;
				CLANG_WARN_ENUM_CONVERSION = YES;
				CLANG_WARN_INFINITE_RECURSION = YES;
				CLANG_WARN_INT_CONVERSION = YES;
				CLANG_WARN_OBJC_ROOT_CLASS = YES_ERROR;
				CLANG_WARN_SUSPICIOUS_MOVE = YES;
				CLANG_WARN_UNREACHABLE_CODE = YES;
				CLANG_WARN__DUPLICATE_METHOD_MATCH = YES;
				"CODE_SIGN_IDENTITY[sdk=iphoneos*]" = "iPhone Developer";
				COPY_PHASE_STRIP = NO;
				DEBUG_INFORMATION_FORMAT = dwarf;
				ENABLE_STRICT_OBJC_MSGSEND = YES;
				ENABLE_TESTABILITY = YES;
				GCC_C_LANGUAGE_STANDARD = gnu99;
				GCC_DYNAMIC_NO_PIC = NO;
				GCC_NO_COMMON_BLOCKS = YES;
				GCC_OPTIMIZATION_LEVEL = 0;
				GCC_PREPROCESSOR_DEFINITIONS = (
					"DEBUG=1",
					"$(inherited)",
				);
				GCC_WARN_64_TO_32_BIT_CONVERSION = YES;
				GCC_WARN_ABOUT_RETURN_TYPE = YES_ERROR;
				GCC_WARN_UNDECLARED_SELECTOR = YES;
				GCC_WARN_UNINITIALIZED_AUTOS = YES_AGGRESSIVE;
				GCC_WARN_UNUSED_FUNCTION = YES;
				GCC_WARN_UNUSED_VARIABLE = YES;
				IPHONEOS_DEPLOYMENT_TARGET = 10.2;
				MTL_ENABLE_DEBUG_INFO = YES;
				ONLY_ACTIVE_ARCH = YES;
				SDKROOT = iphoneos;
				SWIFT_ACTIVE_COMPILATION_CONDITIONS = DEBUG;
				SWIFT_OPTIMIZATION_LEVEL = "-Onone";
				TARGETED_DEVICE_FAMILY = "1,2";
			};
			name = Debug;
		};
		4D84B1251EB4F63600BB953B /* Release */ = {
			isa = XCBuildConfiguration;
			buildSettings = {
				ALWAYS_SEARCH_USER_PATHS = NO;
				CLANG_ANALYZER_NONNULL = YES;
				CLANG_CXX_LANGUAGE_STANDARD = "gnu++0x";
				CLANG_CXX_LIBRARY = "libc++";
				CLANG_ENABLE_MODULES = YES;
				CLANG_ENABLE_OBJC_ARC = YES;
				CLANG_WARN_BOOL_CONVERSION = YES;
				CLANG_WARN_CONSTANT_CONVERSION = YES;
				CLANG_WARN_DIRECT_OBJC_ISA_USAGE = YES_ERROR;
				CLANG_WARN_DOCUMENTATION_COMMENTS = YES;
				CLANG_WARN_EMPTY_BODY = YES;
				CLANG_WARN_ENUM_CONVERSION = YES;
				CLANG_WARN_INFINITE_RECURSION = YES;
				CLANG_WARN_INT_CONVERSION = YES;
				CLANG_WARN_OBJC_ROOT_CLASS = YES_ERROR;
				CLANG_WARN_SUSPICIOUS_MOVE = YES;
				CLANG_WARN_UNREACHABLE_CODE = YES;
				CLANG_WARN__DUPLICATE_METHOD_MATCH = YES;
				"CODE_SIGN_IDENTITY[sdk=iphoneos*]" = "iPhone Developer";
				COPY_PHASE_STRIP = NO;
				DEBUG_INFORMATION_FORMAT = "dwarf-with-dsym";
				ENABLE_NS_ASSERTIONS = NO;
				ENABLE_STRICT_OBJC_MSGSEND = YES;
				GCC_C_LANGUAGE_STANDARD = gnu99;
				GCC_NO_COMMON_BLOCKS = YES;
				GCC_WARN_64_TO_32_BIT_CONVERSION = YES;
				GCC_WARN_ABOUT_RETURN_TYPE = YES_ERROR;
				GCC_WARN_UNDECLARED_SELECTOR = YES;
				GCC_WARN_UNINITIALIZED_AUTOS = YES_AGGRESSIVE;
				GCC_WARN_UNUSED_FUNCTION = YES;
				GCC_WARN_UNUSED_VARIABLE = YES;
				IPHONEOS_DEPLOYMENT_TARGET = 10.2;
				MTL_ENABLE_DEBUG_INFO = NO;
				SDKROOT = iphoneos;
				SWIFT_OPTIMIZATION_LEVEL = "-Owholemodule";
				TARGETED_DEVICE_FAMILY = "1,2";
				VALIDATE_PRODUCT = YES;
			};
			name = Release;
		};
		4D84B1271EB4F63600BB953B /* Debug */ = {
			isa = XCBuildConfiguration;
			buildSettings = {
				ASSETCATALOG_COMPILER_APPICON_NAME = AppIcon;
				INFOPLIST_FILE = WindowSeat/Info.plist;
				LD_RUNPATH_SEARCH_PATHS = "$(inherited) @executable_path/Frameworks";
				PRODUCT_BUNDLE_IDENTIFIER = Langer.WindowSeat;
				PRODUCT_NAME = "$(TARGET_NAME)";
				SWIFT_VERSION = 3.0;
			};
			name = Debug;
		};
		4D84B1281EB4F63600BB953B /* Release */ = {
			isa = XCBuildConfiguration;
			buildSettings = {
				ASSETCATALOG_COMPILER_APPICON_NAME = AppIcon;
				INFOPLIST_FILE = WindowSeat/Info.plist;
				LD_RUNPATH_SEARCH_PATHS = "$(inherited) @executable_path/Frameworks";
				PRODUCT_BUNDLE_IDENTIFIER = Langer.WindowSeat;
				PRODUCT_NAME = "$(TARGET_NAME)";
				SWIFT_VERSION = 3.0;
			};
			name = Release;
		};
		4D84B12A1EB4F63600BB953B /* Debug */ = {
			isa = XCBuildConfiguration;
			buildSettings = {
				ALWAYS_EMBED_SWIFT_STANDARD_LIBRARIES = YES;
				BUNDLE_LOADER = "$(TEST_HOST)";
				INFOPLIST_FILE = WindowSeatTests/Info.plist;
				LD_RUNPATH_SEARCH_PATHS = "$(inherited) @executable_path/Frameworks @loader_path/Frameworks";
				PRODUCT_BUNDLE_IDENTIFIER = Langer.WindowSeatTests;
				PRODUCT_NAME = "$(TARGET_NAME)";
				SWIFT_VERSION = 3.0;
				TEST_HOST = "$(BUILT_PRODUCTS_DIR)/WindowSeat.app/WindowSeat";
			};
			name = Debug;
		};
		4D84B12B1EB4F63600BB953B /* Release */ = {
			isa = XCBuildConfiguration;
			buildSettings = {
				ALWAYS_EMBED_SWIFT_STANDARD_LIBRARIES = YES;
				BUNDLE_LOADER = "$(TEST_HOST)";
				INFOPLIST_FILE = WindowSeatTests/Info.plist;
				LD_RUNPATH_SEARCH_PATHS = "$(inherited) @executable_path/Frameworks @loader_path/Frameworks";
				PRODUCT_BUNDLE_IDENTIFIER = Langer.WindowSeatTests;
				PRODUCT_NAME = "$(TARGET_NAME)";
				SWIFT_VERSION = 3.0;
				TEST_HOST = "$(BUILT_PRODUCTS_DIR)/WindowSeat.app/WindowSeat";
			};
			name = Release;
		};
		4D84B12D1EB4F63600BB953B /* Debug */ = {
			isa = XCBuildConfiguration;
			buildSettings = {
				ALWAYS_EMBED_SWIFT_STANDARD_LIBRARIES = YES;
				INFOPLIST_FILE = WindowSeatUITests/Info.plist;
				LD_RUNPATH_SEARCH_PATHS = "$(inherited) @executable_path/Frameworks @loader_path/Frameworks";
				PRODUCT_BUNDLE_IDENTIFIER = Langer.WindowSeatUITests;
				PRODUCT_NAME = "$(TARGET_NAME)";
				SWIFT_VERSION = 3.0;
				TEST_TARGET_NAME = WindowSeat;
			};
			name = Debug;
		};
		4D84B12E1EB4F63600BB953B /* Release */ = {
			isa = XCBuildConfiguration;
			buildSettings = {
				ALWAYS_EMBED_SWIFT_STANDARD_LIBRARIES = YES;
				INFOPLIST_FILE = WindowSeatUITests/Info.plist;
				LD_RUNPATH_SEARCH_PATHS = "$(inherited) @executable_path/Frameworks @loader_path/Frameworks";
				PRODUCT_BUNDLE_IDENTIFIER = Langer.WindowSeatUITests;
				PRODUCT_NAME = "$(TARGET_NAME)";
				SWIFT_VERSION = 3.0;
				TEST_TARGET_NAME = WindowSeat;
			};
			name = Release;
		};
/* End XCBuildConfiguration section */

/* Begin XCConfigurationList section */
		4D84B0F71EB4F63500BB953B /* Build configuration list for PBXProject "WindowSeat" */ = {
			isa = XCConfigurationList;
			buildConfigurations = (
				4D84B1241EB4F63600BB953B /* Debug */,
				4D84B1251EB4F63600BB953B /* Release */,
			);
			defaultConfigurationIsVisible = 0;
			defaultConfigurationName = Release;
		};
		4D84B1261EB4F63600BB953B /* Build configuration list for PBXNativeTarget "WindowSeat" */ = {
			isa = XCConfigurationList;
			buildConfigurations = (
				4D84B1271EB4F63600BB953B /* Debug */,
				4D84B1281EB4F63600BB953B /* Release */,
			);
			defaultConfigurationIsVisible = 0;
		};
		4D84B1291EB4F63600BB953B /* Build configuration list for PBXNativeTarget "WindowSeatTests" */ = {
			isa = XCConfigurationList;
			buildConfigurations = (
				4D84B12A1EB4F63600BB953B /* Debug */,
				4D84B12B1EB4F63600BB953B /* Release */,
			);
			defaultConfigurationIsVisible = 0;
		};
		4D84B12C1EB4F63600BB953B /* Build configuration list for PBXNativeTarget "WindowSeatUITests" */ = {
			isa = XCConfigurationList;
			buildConfigurations = (
				4D84B12D1EB4F63600BB953B /* Debug */,
				4D84B12E1EB4F63600BB953B /* Release */,
			);
			defaultConfigurationIsVisible = 0;
		};
/* End XCConfigurationList section */
	};
	rootObject = 4D84B0F41EB4F63500BB953B /* Project object */;
}
